
Microsoft Visual Studio Solution File, Format Version 12.00
# Visual Studio Version 16
VisualStudioVersion = 16.0.31112.23
MinimumVisualStudioVersion = 10.0.40219.1
Project("{FAE04EC0-301F-11D3-BF4B-00C04F79EFBC}") = "EFCore.CustomerAPI", "EFCore.CustomerAPI\EFCore.CustomerAPI.csproj", "{0F2912EF-0194-40C3-BB96-212CA7811F66}"
EndProject
Global
	GlobalSection(SolutionConfigurationPlatforms) = preSolution
		Debug|Any CPU = Debug|Any CPU
		Release|Any CPU = Release|Any CPU
	EndGlobalSection
	GlobalSection(ProjectConfigurationPlatforms) = postSolution
		{0F2912EF-0194-40C3-BB96-212CA7811F66}.Debug|Any CPU.ActiveCfg = Debug|Any CPU
		{0F2912EF-0194-40C3-BB96-212CA7811F66}.Debug|Any CPU.Build.0 = Debug|Any CPU
		{0F2912EF-0194-40C3-BB96-212CA7811F66}.Release|Any CPU.ActiveCfg = Release|Any CPU
		{0F2912EF-0194-40C3-BB96-212CA7811F66}.Release|Any CPU.Build.0 = Release|Any CPU
	EndGlobalSection
	GlobalSection(SolutionProperties) = preSolution
		HideSolutionNode = FALSE
	EndGlobalSection
	GlobalSection(ExtensibilityGlobals) = postSolution
		SolutionGuid = {6BD5F71A-E156-4764-B3D9-448F8B11FF77}
	EndGlobalSection
EndGlobal
